{
  "name": "apebind-language-zoo-demo",
  "lockfileVersion": 3,
  "requires": true,
  "packages": {
    "": {
      "name": "apebind-language-zoo-demo",
      "dependencies": {
        "janet-ape": "file:../packages/janet-ape-0.1.0.tgz",
        "java-ape": "file:../packages/java-ape-0.1.0.tgz",
        "lua-ape": "file:../packages/lua-ape-0.1.0.tgz",
        "php-ape": "file:../packages/php-ape-0.1.0.tgz",
        "python-ape": "file:../packages/python-ape-0.1.0.tgz",
        "ruby-ape": "file:../packages/ruby-ape-0.1.0.tgz",
        "tcl-ape": "file:../packages/tcl-ape-0.1.0.tgz"
      }
    },
    "node_modules/janet-ape": {
      "version": "0.1.0",
      "resolved": "file:../packages/janet-ape-0.1.0.tgz",
      "integrity": "sha512-l2zCvgw9r14wUywTrJxsCMrw13MkFfr09hEAMJUT+vQ7toU0+Pe8+eqjjRgQgipJJ4UY9BiDtcaMF1I9uWrJ0A==",
      "engines": {
        "node": ">=18"
      }
    },
    "node_modules/java-ape": {
      "version": "0.1.0",
      "resolved": "file:../packages/java-ape-0.1.0.tgz",
      "integrity": "sha512-kGE61oxBoVCTwKc/vebADeeGg5gyfKPrvJdps5oFkUYIXWfHkByRkodpIA17GMRROzDFALWMpFidPqhQX+JnYQ==",
      "engines": {
        "node": ">=18"
      }
    },
    "node_modules/lua-ape": {
      "version": "0.1.0",
      "resolved": "file:../packages/lua-ape-0.1.0.tgz",
      "integrity": "sha512-ajvc+gznaXVUmAVjpKlflUVzO0wWE4xKuYMkPo+AxiL04p11NOysiaccdhYgaQwxNuvR8Fcr+dJd/heB+Z/8EA==",
      "engines": {
        "node": ">=18"
      }
    },
    "node_modules/php-ape": {
      "version": "0.1.0",
      "resolved": "file:../packages/php-ape-0.1.0.tgz",
      "integrity": "sha512-O2toU7uxU5Z+S/b2xYYBPkpwfrIvCSGkPIGUSY6oeE3GgrI0gQofzi/GNsrXc2rxkDXTyVmaCJXH/FGuHnlyoQ==",
      "engines": {
        "node": ">=18"
      }
    },
    "node_modules/python-ape": {
      "version": "0.1.0",
      "resolved": "file:../packages/python-ape-0.1.0.tgz",
      "integrity": "sha512-B8fPE/q7sdl6Cfwu99kfcIUOcsQTp5vgelOeCvsUxxFTJw9hqzMWYwwoyhTcOUWGiTD0q1L8et6sp3uS1Kl4Yw==",
      "engines": {
        "node": ">=18"
      }
    },
    "node_modules/ruby-ape": {
      "version": "0.1.0",
      "resolved": "file:../packages/ruby-ape-0.1.0.tgz",
      "integrity": "sha512-sMVwzSW4MOgwGr6oVNn9QPqwgUfrRKzwmo+41UXwW0AudOqsdJ30r8id6QhOJAIPQ3jzzpY+CoBKJbsjO8riUQ==",
      "engines": {
        "node": ">=18"
      }
    },
    "node_modules/tcl-ape": {
      "version": "0.1.0",
      "resolved": "file:../packages/tcl-ape-0.1.0.tgz",
      "integrity": "sha512-wGeE4mRk4bVN35Jll+H8xxgiQ+zI7iyipa5UcC2kxLVmJCG+5ddqyMcClOfAnQTcG9C2D4H79qYUJDRGopisJw==",
      "engines": {
        "node": ">=18"
      }
    }
  }
}
